
Microsoft Visual Studio Solution File, Format Version 12.00
# Visual Studio Version 17
VisualStudioVersion = 17.7.34009.444
MinimumVisualStudioVersion = 10.0.40219.1
Project("{9A19103F-16F7-4668-BE54-9A1E7A4F7556}") = "UcenjeCS", "UcenjeCS\UcenjeCS.csproj", "{DDABCC22-2105-4400-9303-411CCE98B430}"
EndProject
Project("{9A19103F-16F7-4668-BE54-9A1E7A4F7556}") = "WebAPI", "WebAPI\WebAPI.csproj", "{7FF8909D-979C-4602-A3D1-43B760322F60}"
EndProject
Project("{9A19103F-16F7-4668-BE54-9A1E7A4F7556}") = "EdunovaAPP", "EdunovaAPP\EdunovaAPP.csproj", "{9E0B7E3D-181D-4268-AC3F-4585EBC7A54E}"
EndProject
Project("{FAE04EC0-301F-11D3-BF4B-00C04F79EFBC}") = "Banka", "Banka\Banka.csproj", "{863DB341-2A20-4589-B86D-BCF443A331CD}"
EndProject
Global
	GlobalSection(SolutionConfigurationPlatforms) = preSolution
		Debug|Any CPU = Debug|Any CPU
		Release|Any CPU = Release|Any CPU
	EndGlobalSection
	GlobalSection(ProjectConfigurationPlatforms) = postSolution
		{DDABCC22-2105-4400-9303-411CCE98B430}.Debug|Any CPU.ActiveCfg = Debug|Any CPU
		{DDABCC22-2105-4400-9303-411CCE98B430}.Debug|Any CPU.Build.0 = Debug|Any CPU
		{DDABCC22-2105-4400-9303-411CCE98B430}.Release|Any CPU.ActiveCfg = Release|Any CPU
		{DDABCC22-2105-4400-9303-411CCE98B430}.Release|Any CPU.Build.0 = Release|Any CPU
		{7FF8909D-979C-4602-A3D1-43B760322F60}.Debug|Any CPU.ActiveCfg = Debug|Any CPU
		{7FF8909D-979C-4602-A3D1-43B760322F60}.Debug|Any CPU.Build.0 = Debug|Any CPU
		{7FF8909D-979C-4602-A3D1-43B760322F60}.Release|Any CPU.ActiveCfg = Release|Any CPU
		{7FF8909D-979C-4602-A3D1-43B760322F60}.Release|Any CPU.Build.0 = Release|Any CPU
		{9E0B7E3D-181D-4268-AC3F-4585EBC7A54E}.Debug|Any CPU.ActiveCfg = Debug|Any CPU
		{9E0B7E3D-181D-4268-AC3F-4585EBC7A54E}.Debug|Any CPU.Build.0 = Debug|Any CPU
		{9E0B7E3D-181D-4268-AC3F-4585EBC7A54E}.Release|Any CPU.ActiveCfg = Release|Any CPU
		{9E0B7E3D-181D-4268-AC3F-4585EBC7A54E}.Release|Any CPU.Build.0 = Release|Any CPU
		{863DB341-2A20-4589-B86D-BCF443A331CD}.Debug|Any CPU.ActiveCfg = Debug|Any CPU
		{863DB341-2A20-4589-B86D-BCF443A331CD}.Debug|Any CPU.Build.0 = Debug|Any CPU
		{863DB341-2A20-4589-B86D-BCF443A331CD}.Release|Any CPU.ActiveCfg = Release|Any CPU
		{863DB341-2A20-4589-B86D-BCF443A331CD}.Release|Any CPU.Build.0 = Release|Any CPU
	EndGlobalSection
	GlobalSection(SolutionProperties) = preSolution
		HideSolutionNode = FALSE
	EndGlobalSection
	GlobalSection(ExtensibilityGlobals) = postSolution
		SolutionGuid = {7738F62F-5376-4F8C-B6EB-EACC179F1A98}
	EndGlobalSection
EndGlobal
